
Microsoft Visual Studio Solution File, Format Version 12.00
# Visual Studio Version 17
VisualStudioVersion = 17.1.32228.430
MinimumVisualStudioVersion = 10.0.40219.1
Project("{9A19103F-16F7-4668-BE54-9A1E7A4F7556}") = "PrimerPrograma", "PrimerPrograma\PrimerPrograma.csproj", "{BA122352-127F-4439-8922-182568994281}"
EndProject
Project("{9A19103F-16F7-4668-BE54-9A1E7A4F7556}") = "Calculadora", "Calculadora\Calculadora.csproj", "{1342AFCF-C91B-4503-81E6-4DB8214C54DB}"
EndProject
Project("{9A19103F-16F7-4668-BE54-9A1E7A4F7556}") = "ConversionMedidas", "ConversionMedidas\ConversionMedidas.csproj", "{0144D7D9-A7E5-4AEB-BF71-789B1A9C09DF}"
EndProject
Project("{FAE04EC0-301F-11D3-BF4B-00C04F79EFBC}") = "AgendaActividades", "AgendaActividades\AgendaActividades.csproj", "{328FFC90-27FF-44CA-AEBF-CE604920BA04}"
EndProject
Global
	GlobalSection(SolutionConfigurationPlatforms) = preSolution
		Debug|Any CPU = Debug|Any CPU
		Release|Any CPU = Release|Any CPU
	EndGlobalSection
	GlobalSection(ProjectConfigurationPlatforms) = postSolution
		{BA122352-127F-4439-8922-182568994281}.Debug|Any CPU.ActiveCfg = Debug|Any CPU
		{BA122352-127F-4439-8922-182568994281}.Debug|Any CPU.Build.0 = Debug|Any CPU
		{BA122352-127F-4439-8922-182568994281}.Release|Any CPU.ActiveCfg = Release|Any CPU
		{BA122352-127F-4439-8922-182568994281}.Release|Any CPU.Build.0 = Release|Any CPU
		{1342AFCF-C91B-4503-81E6-4DB8214C54DB}.Debug|Any CPU.ActiveCfg = Debug|Any CPU
		{1342AFCF-C91B-4503-81E6-4DB8214C54DB}.Debug|Any CPU.Build.0 = Debug|Any CPU
		{1342AFCF-C91B-4503-81E6-4DB8214C54DB}.Release|Any CPU.ActiveCfg = Release|Any CPU
		{1342AFCF-C91B-4503-81E6-4DB8214C54DB}.Release|Any CPU.Build.0 = Release|Any CPU
		{0144D7D9-A7E5-4AEB-BF71-789B1A9C09DF}.Debug|Any CPU.ActiveCfg = Debug|Any CPU
		{0144D7D9-A7E5-4AEB-BF71-789B1A9C09DF}.Debug|Any CPU.Build.0 = Debug|Any CPU
		{0144D7D9-A7E5-4AEB-BF71-789B1A9C09DF}.Release|Any CPU.ActiveCfg = Release|Any CPU
		{0144D7D9-A7E5-4AEB-BF71-789B1A9C09DF}.Release|Any CPU.Build.0 = Release|Any CPU
		{328FFC90-27FF-44CA-AEBF-CE604920BA04}.Debug|Any CPU.ActiveCfg = Debug|Any CPU
		{328FFC90-27FF-44CA-AEBF-CE604920BA04}.Debug|Any CPU.Build.0 = Debug|Any CPU
		{328FFC90-27FF-44CA-AEBF-CE604920BA04}.Release|Any CPU.ActiveCfg = Release|Any CPU
		{328FFC90-27FF-44CA-AEBF-CE604920BA04}.Release|Any CPU.Build.0 = Release|Any CPU
	EndGlobalSection
	GlobalSection(SolutionProperties) = preSolution
		HideSolutionNode = FALSE
	EndGlobalSection
	GlobalSection(ExtensibilityGlobals) = postSolution
		SolutionGuid = {8E7BA0C9-A0CA-44E7-A706-7B2C2697E3A1}
	EndGlobalSection
EndGlobal
