
Microsoft Visual Studio Solution File, Format Version 12.00
# Visual Studio Version 17
VisualStudioVersion = 17.1.32228.430
MinimumVisualStudioVersion = 10.0.40219.1
Project("{FAE04EC0-301F-11D3-BF4B-00C04F79EFBC}") = "PrimerPrograma", "PrimerPrograma\PrimerPrograma.csproj", "{15984BF7-B21B-48EF-A491-EC4F15369175}"
EndProject
Project("{FAE04EC0-301F-11D3-BF4B-00C04F79EFBC}") = "pjCalculadora", "pjCalculadora\pjCalculadora.csproj", "{F9673224-559F-40EA-BE5E-B00EAD6264B6}"
EndProject
Global
	GlobalSection(SolutionConfigurationPlatforms) = preSolution
		Debug|Any CPU = Debug|Any CPU
		Release|Any CPU = Release|Any CPU
	EndGlobalSection
	GlobalSection(ProjectConfigurationPlatforms) = postSolution
		{15984BF7-B21B-48EF-A491-EC4F15369175}.Debug|Any CPU.ActiveCfg = Debug|Any CPU
		{15984BF7-B21B-48EF-A491-EC4F15369175}.Debug|Any CPU.Build.0 = Debug|Any CPU
		{15984BF7-B21B-48EF-A491-EC4F15369175}.Release|Any CPU.ActiveCfg = Release|Any CPU
		{15984BF7-B21B-48EF-A491-EC4F15369175}.Release|Any CPU.Build.0 = Release|Any CPU
		{F9673224-559F-40EA-BE5E-B00EAD6264B6}.Debug|Any CPU.ActiveCfg = Debug|Any CPU
		{F9673224-559F-40EA-BE5E-B00EAD6264B6}.Debug|Any CPU.Build.0 = Debug|Any CPU
		{F9673224-559F-40EA-BE5E-B00EAD6264B6}.Release|Any CPU.ActiveCfg = Release|Any CPU
		{F9673224-559F-40EA-BE5E-B00EAD6264B6}.Release|Any CPU.Build.0 = Release|Any CPU
	EndGlobalSection
	GlobalSection(SolutionProperties) = preSolution
		HideSolutionNode = FALSE
	EndGlobalSection
	GlobalSection(ExtensibilityGlobals) = postSolution
		SolutionGuid = {5774BBBA-AD88-4918-95E6-C15D79A86462}
	EndGlobalSection
EndGlobal
